
Microsoft Visual Studio Solution File, Format Version 12.00
# Visual Studio Version 16
VisualStudioVersion = 16.0.29709.97
MinimumVisualStudioVersion = 10.0.40219.1
Project("{FAE04EC0-301F-11D3-BF4B-00C04F79EFBC}") = "Number Guesser", "Number Guesser\Number Guesser.csproj", "{DD9C0F22-6519-477B-99A6-07B969E9B9B8}"
EndProject
Global
	GlobalSection(SolutionConfigurationPlatforms) = preSolution
		Debug|Any CPU = Debug|Any CPU
		Release|Any CPU = Release|Any CPU
	EndGlobalSection
	GlobalSection(ProjectConfigurationPlatforms) = postSolution
		{DD9C0F22-6519-477B-99A6-07B969E9B9B8}.Debug|Any CPU.ActiveCfg = Debug|Any CPU
		{DD9C0F22-6519-477B-99A6-07B969E9B9B8}.Debug|Any CPU.Build.0 = Debug|Any CPU
		{DD9C0F22-6519-477B-99A6-07B969E9B9B8}.Release|Any CPU.ActiveCfg = Release|Any CPU
		{DD9C0F22-6519-477B-99A6-07B969E9B9B8}.Release|Any CPU.Build.0 = Release|Any CPU
	EndGlobalSection
	GlobalSection(SolutionProperties) = preSolution
		HideSolutionNode = FALSE
	EndGlobalSection
	GlobalSection(ExtensibilityGlobals) = postSolution
		SolutionGuid = {99C90223-3D71-4A8D-9056-AA62364FDE5B}
	EndGlobalSection
EndGlobal
