
Microsoft Visual Studio Solution File, Format Version 12.00
# Visual Studio Version 16
VisualStudioVersion = 16.0.29709.97
MinimumVisualStudioVersion = 10.0.40219.1
Project("{FAE04EC0-301F-11D3-BF4B-00C04F79EFBC}") = "Dice game", "Dice game\Dice game.csproj", "{A036BFF3-30DE-4B94-84A4-334A8A97D65B}"
EndProject
Global
	GlobalSection(SolutionConfigurationPlatforms) = preSolution
		Debug|Any CPU = Debug|Any CPU
		Release|Any CPU = Release|Any CPU
	EndGlobalSection
	GlobalSection(ProjectConfigurationPlatforms) = postSolution
		{A036BFF3-30DE-4B94-84A4-334A8A97D65B}.Debug|Any CPU.ActiveCfg = Debug|Any CPU
		{A036BFF3-30DE-4B94-84A4-334A8A97D65B}.Debug|Any CPU.Build.0 = Debug|Any CPU
		{A036BFF3-30DE-4B94-84A4-334A8A97D65B}.Release|Any CPU.ActiveCfg = Release|Any CPU
		{A036BFF3-30DE-4B94-84A4-334A8A97D65B}.Release|Any CPU.Build.0 = Release|Any CPU
	EndGlobalSection
	GlobalSection(SolutionProperties) = preSolution
		HideSolutionNode = FALSE
	EndGlobalSection
	GlobalSection(ExtensibilityGlobals) = postSolution
		SolutionGuid = {830CFCF7-0EA1-4FAE-9BE0-9B9784D962D3}
	EndGlobalSection
EndGlobal
